{
  "nodes": {
    "apple-nerd-fonts": {
      "flake": false,
      "locked": {
        "narHash": "sha256-SeTLhl6iFkCDowM87/BTa3mnknngjKpwY89wx8rOQGU=",
        "type": "tarball",
        "url": "https://github.com/EzequielRamis/apple-nerd-fonts/releases/download/1.0/apple-nerd.tar.gz"
      },
      "original": {
        "type": "tarball",
        "url": "https://github.com/EzequielRamis/apple-nerd-fonts/releases/download/1.0/apple-nerd.tar.gz"
      }
    },
    "eww": {
      "inputs": {
        "flake-compat": "flake-compat",
        "nixpkgs": "nixpkgs",
        "rust-overlay": "rust-overlay"
      },
      "locked": {
        "lastModified": 1677317451,
        "narHash": "sha256-6DPaEXzhQ7Jdub/YyQVzdWmi3QN0o6VNIuupC0/ybqs=",
        "owner": "EzequielRamis",
        "repo": "eww",
        "rev": "83c36b83736c49596673be56dc600bdbaf660142",
        "type": "github"
      },
      "original": {
        "owner": "EzequielRamis",
        "ref": "css",
        "repo": "eww",
        "type": "github"
      }
    },
    "firefox-scripts": {
      "flake": false,
      "locked": {
        "lastModified": 1677280110,
        "narHash": "sha256-Zp1pRMqgAM3Xh3JCkAC0hWp2Gl2phkyAwJ8KB2tA9jE=",
        "owner": "xiaoxiaoflood",
        "repo": "firefox-scripts",
        "rev": "b013243f1916576166a02d816651c2cc6416f63e",
        "type": "github"
      },
      "original": {
        "owner": "xiaoxiaoflood",
        "repo": "firefox-scripts",
        "type": "github"
      }
    },
    "flake-compat": {
      "flake": false,
      "locked": {
        "lastModified": 1650374568,
        "narHash": "sha256-Z+s0J8/r907g149rllvwhb4pKi8Wam5ij0st8PwAh+E=",
        "owner": "edolstra",
        "repo": "flake-compat",
        "rev": "b4a34015c698c7793d592d66adbab377907a2be8",
        "type": "github"
      },
      "original": {
        "owner": "edolstra",
        "repo": "flake-compat",
        "type": "github"
      }
    },
    "flake-compat_2": {
      "locked": {
        "lastModified": 1696426674,
        "narHash": "sha256-kvjfFW7WAETZlt09AgDn1MrtKzP7t90Vf7vypd3OL1U=",
        "owner": "edolstra",
        "repo": "flake-compat",
        "rev": "0f9255e01c2351cc7d116c072cb317785dd33b33",
        "type": "github"
      },
      "original": {
        "owner": "edolstra",
        "repo": "flake-compat",
        "type": "github"
      }
    },
    "flake-utils": {
      "locked": {
        "lastModified": 1656928814,
        "narHash": "sha256-RIFfgBuKz6Hp89yRr7+NR5tzIAbn52h8vT6vXkYjZoM=",
        "owner": "numtide",
        "repo": "flake-utils",
        "rev": "7e2a3b3dfd9af950a856d66b0a7d01e3c18aa249",
        "type": "github"
      },
      "original": {
        "owner": "numtide",
        "repo": "flake-utils",
        "type": "github"
      }
    },
    "flake-utils_2": {
      "inputs": {
        "systems": "systems"
      },
      "locked": {
        "lastModified": 1710146030,
        "narHash": "sha256-SZ5L6eA7HJ/nmkzGG7/ISclqe6oZdOZTNoesiInkXPQ=",
        "owner": "numtide",
        "repo": "flake-utils",
        "rev": "b1d9ab70662946ef0850d488da1c9019f3a9752a",
        "type": "github"
      },
      "original": {
        "owner": "numtide",
        "repo": "flake-utils",
        "type": "github"
      }
    },
    "home-manager": {
      "inputs": {
        "nixpkgs": [
          "nixpkgs"
        ]
      },
      "locked": {
        "lastModified": 1713539802,
        "narHash": "sha256-aub7mcsDv5J6PcYNxcLUCIaNGNlInPCAYYoCA1x76oY=",
        "owner": "nix-community",
        "repo": "home-manager",
        "rev": "1f305c363ecd7c6505f03fc7baba15505f3aa630",
        "type": "github"
      },
      "original": {
        "owner": "nix-community",
        "repo": "home-manager",
        "type": "github"
      }
    },
    "interception-k2k": {
      "flake": false,
      "locked": {
        "lastModified": 1599945074,
        "narHash": "sha256-+fP7cMK4sdXH9UAP3xxSaRcV+rB37Li23+hfenVD9fI=",
        "owner": "zsugabubus",
        "repo": "interception-k2k",
        "rev": "259a549b1e215c47f0d243e9e5f484ce490b61e6",
        "type": "github"
      },
      "original": {
        "owner": "zsugabubus",
        "repo": "interception-k2k",
        "type": "github"
      }
    },
    "nix-alien": {
      "inputs": {
        "flake-compat": "flake-compat_2",
        "flake-utils": "flake-utils_2",
        "nix-filter": "nix-filter",
        "nix-index-database": "nix-index-database",
        "nixpkgs": [
          "nix-alien",
          "nix-index-database",
          "nixpkgs"
        ]
      },
      "locked": {
        "lastModified": 1713164845,
        "narHash": "sha256-6X0H56qGmN/LoEdcBcwm3+apHLEe7r4caO719q1/KMI=",
        "owner": "thiagokokada",
        "repo": "nix-alien",
        "rev": "db5d6107d3c72d5eb0b7a02a30b87b1f0076fcc5",
        "type": "github"
      },
      "original": {
        "owner": "thiagokokada",
        "repo": "nix-alien",
        "type": "github"
      }
    },
    "nix-filter": {
      "locked": {
        "lastModified": 1710156097,
        "narHash": "sha256-1Wvk8UP7PXdf8bCCaEoMnOT1qe5/Duqgj+rL8sRQsSM=",
        "owner": "numtide",
        "repo": "nix-filter",
        "rev": "3342559a24e85fc164b295c3444e8a139924675b",
        "type": "github"
      },
      "original": {
        "owner": "numtide",
        "repo": "nix-filter",
        "type": "github"
      }
    },
    "nix-index-database": {
      "inputs": {
        "nixpkgs": "nixpkgs_2"
      },
      "locked": {
        "lastModified": 1713067146,
        "narHash": "sha256-9D20xjblGKEVRVCnM3qWhiizEa9i6OpK6xQJajwcwOQ=",
        "owner": "nix-community",
        "repo": "nix-index-database",
        "rev": "93aed67288be60c9ef6133ba2f8de128f4ef265c",
        "type": "github"
      },
      "original": {
        "owner": "nix-community",
        "repo": "nix-index-database",
        "type": "github"
      }
    },
    "nixpkgs": {
      "locked": {
        "lastModified": 1661353537,
        "narHash": "sha256-1E2IGPajOsrkR49mM5h55OtYnU0dGyre6gl60NXKITE=",
        "owner": "nixos",
        "repo": "nixpkgs",
        "rev": "0e304ff0d9db453a4b230e9386418fd974d5804a",
        "type": "github"
      },
      "original": {
        "owner": "nixos",
        "ref": "nixpkgs-unstable",
        "repo": "nixpkgs",
        "type": "github"
      }
    },
    "nixpkgs_2": {
      "locked": {
        "lastModified": 1712791164,
        "narHash": "sha256-3sbWO1mbpWsLepZGbWaMovSO7ndZeFqDSdX0hZ9nVyw=",
        "owner": "nixos",
        "repo": "nixpkgs",
        "rev": "1042fd8b148a9105f3c0aca3a6177fd1d9360ba5",
        "type": "github"
      },
      "original": {
        "owner": "nixos",
        "ref": "nixos-unstable",
        "repo": "nixpkgs",
        "type": "github"
      }
    },
    "nixpkgs_3": {
      "locked": {
        "lastModified": 1713297878,
        "narHash": "sha256-hOkzkhLT59wR8VaMbh1ESjtZLbGi+XNaBN6h49SPqEc=",
        "owner": "NixOS",
        "repo": "nixpkgs",
        "rev": "66adc1e47f8784803f2deb6cacd5e07264ec2d5c",
        "type": "github"
      },
      "original": {
        "owner": "NixOS",
        "ref": "nixos-unstable",
        "repo": "nixpkgs",
        "type": "github"
      }
    },
    "root": {
      "inputs": {
        "apple-nerd-fonts": "apple-nerd-fonts",
        "eww": "eww",
        "firefox-scripts": "firefox-scripts",
        "home-manager": "home-manager",
        "interception-k2k": "interception-k2k",
        "nix-alien": "nix-alien",
        "nixpkgs": "nixpkgs_3",
        "secrets": "secrets",
        "whitesur": "whitesur"
      }
    },
    "rust-overlay": {
      "inputs": {
        "flake-utils": "flake-utils",
        "nixpkgs": [
          "eww",
          "nixpkgs"
        ]
      },
      "locked": {
        "lastModified": 1661655464,
        "narHash": "sha256-by9Hb0mNVdiCR7TBvUHIgDb0QIv3znp8VMGh7Bl35VQ=",
        "owner": "oxalica",
        "repo": "rust-overlay",
        "rev": "0c4c1432353e12b325d1472bea99e364871d2cb3",
        "type": "github"
      },
      "original": {
        "owner": "oxalica",
        "repo": "rust-overlay",
        "type": "github"
      }
    },
    "secrets": {
      "flake": false,
      "locked": {
        "lastModified": 1673415234,
        "narHash": "sha256-aT/jseJDId+lQv88JZ5qc+MjzLsyrru47UlZBJPkVkw=",
        "ref": "refs/heads/main",
        "rev": "363e8c4f8acb3700e94515abecb7adb128c23663",
        "revCount": 7,
        "type": "git",
        "url": "ssh://git@github.com/EzequielRamis/secrets.git"
      },
      "original": {
        "type": "git",
        "url": "ssh://git@github.com/EzequielRamis/secrets.git"
      }
    },
    "systems": {
      "locked": {
        "lastModified": 1681028828,
        "narHash": "sha256-Vy1rq5AaRuLzOxct8nz4T6wlgyUR7zLU309k9mBC768=",
        "owner": "nix-systems",
        "repo": "default",
        "rev": "da67096a3b9bf56a91d16901293e51ba5b49a27e",
        "type": "github"
      },
      "original": {
        "owner": "nix-systems",
        "repo": "default",
        "type": "github"
      }
    },
    "whitesur": {
      "flake": false,
      "locked": {
        "lastModified": 1645433122,
        "narHash": "sha256-zN1pF37pmRLbbTeg3LcaPaJ6zE1mdYbXTvJCfPpcD68=",
        "owner": "vinceliuice",
        "repo": "WhiteSur-gtk-theme",
        "rev": "3dca2b10d0a24bd111119c3eb94df512d7e067f5",
        "type": "github"
      },
      "original": {
        "owner": "vinceliuice",
        "repo": "WhiteSur-gtk-theme",
        "rev": "3dca2b10d0a24bd111119c3eb94df512d7e067f5",
        "type": "github"
      }
    }
  },
  "root": "root",
  "version": 7
}
